
Microsoft Visual Studio Solution File, Format Version 12.00
# Visual Studio Version 17
VisualStudioVersion = 17.9.34701.34
MinimumVisualStudioVersion = 10.0.40219.1
Project("{FAE04EC0-301F-11D3-BF4B-00C04F79EFBC}") = "MovieReviewPlatform", "MovieReviewPlatform.csproj", "{01074AEC-0DA4-4AFE-8040-A1575339D1CC}"
EndProject
Global
	GlobalSection(SolutionConfigurationPlatforms) = preSolution
		Debug|Any CPU = Debug|Any CPU
		Release|Any CPU = Release|Any CPU
	EndGlobalSection
	GlobalSection(ProjectConfigurationPlatforms) = postSolution
		{01074AEC-0DA4-4AFE-8040-A1575339D1CC}.Debug|Any CPU.ActiveCfg = Debug|Any CPU
		{01074AEC-0DA4-4AFE-8040-A1575339D1CC}.Debug|Any CPU.Build.0 = Debug|Any CPU
		{01074AEC-0DA4-4AFE-8040-A1575339D1CC}.Release|Any CPU.ActiveCfg = Release|Any CPU
		{01074AEC-0DA4-4AFE-8040-A1575339D1CC}.Release|Any CPU.Build.0 = Release|Any CPU
	EndGlobalSection
	GlobalSection(SolutionProperties) = preSolution
		HideSolutionNode = FALSE
	EndGlobalSection
	GlobalSection(ExtensibilityGlobals) = postSolution
		SolutionGuid = {2FDEB7CA-F534-45EF-97C1-5A3A04CF2A5C}
	EndGlobalSection
EndGlobal
