
Microsoft Visual Studio Solution File, Format Version 12.00
# Visual Studio Version 17
VisualStudioVersion = 17.9.34701.34
MinimumVisualStudioVersion = 10.0.40219.1
Project("{FAE04EC0-301F-11D3-BF4B-00C04F79EFBC}") = "MusicStore", "MusicStore.csproj", "{708D39CC-A624-442A-9417-B2F48696C3AF}"
EndProject
Global
	GlobalSection(SolutionConfigurationPlatforms) = preSolution
		Debug|Any CPU = Debug|Any CPU
		Release|Any CPU = Release|Any CPU
	EndGlobalSection
	GlobalSection(ProjectConfigurationPlatforms) = postSolution
		{708D39CC-A624-442A-9417-B2F48696C3AF}.Debug|Any CPU.ActiveCfg = Debug|Any CPU
		{708D39CC-A624-442A-9417-B2F48696C3AF}.Debug|Any CPU.Build.0 = Debug|Any CPU
		{708D39CC-A624-442A-9417-B2F48696C3AF}.Release|Any CPU.ActiveCfg = Release|Any CPU
		{708D39CC-A624-442A-9417-B2F48696C3AF}.Release|Any CPU.Build.0 = Release|Any CPU
	EndGlobalSection
	GlobalSection(SolutionProperties) = preSolution
		HideSolutionNode = FALSE
	EndGlobalSection
	GlobalSection(ExtensibilityGlobals) = postSolution
		SolutionGuid = {08D525E6-7D89-4794-867D-3352F22777FE}
	EndGlobalSection
EndGlobal
